
Microsoft Visual Studio Solution File, Format Version 12.00
# Visual Studio 15
VisualStudioVersion = 15.0.26730.16
MinimumVisualStudioVersion = 10.0.40219.1
Project("{FAE04EC0-301F-11D3-BF4B-00C04F79EFBC}") = "TODOList", "TODOList\TODOList.csproj", "{D8708DF3-8D1F-448F-9EF2-612FB7EA1021}"
EndProject
Global
	GlobalSection(SolutionConfigurationPlatforms) = preSolution
		Debug|Any CPU = Debug|Any CPU
		Release|Any CPU = Release|Any CPU
	EndGlobalSection
	GlobalSection(ProjectConfigurationPlatforms) = postSolution
		{D8708DF3-8D1F-448F-9EF2-612FB7EA1021}.Debug|Any CPU.ActiveCfg = Debug|Any CPU
		{D8708DF3-8D1F-448F-9EF2-612FB7EA1021}.Debug|Any CPU.Build.0 = Debug|Any CPU
		{D8708DF3-8D1F-448F-9EF2-612FB7EA1021}.Release|Any CPU.ActiveCfg = Release|Any CPU
		{D8708DF3-8D1F-448F-9EF2-612FB7EA1021}.Release|Any CPU.Build.0 = Release|Any CPU
	EndGlobalSection
	GlobalSection(SolutionProperties) = preSolution
		HideSolutionNode = FALSE
	EndGlobalSection
	GlobalSection(ExtensibilityGlobals) = postSolution
		SolutionGuid = {D6686E80-D116-4AAA-B577-102A32E5B70B}
	EndGlobalSection
EndGlobal
