
Microsoft Visual Studio Solution File, Format Version 12.00
# Visual Studio 15
VisualStudioVersion = 15.0.26730.16
MinimumVisualStudioVersion = 10.0.40219.1
Project("{FAE04EC0-301F-11D3-BF4B-00C04F79EFBC}") = "BookLibrary", "BookLibrary\BookLibrary.csproj", "{1914CD9C-5F6F-45A5-AB7A-D99C2DFBA101}"
EndProject
Global
	GlobalSection(SolutionConfigurationPlatforms) = preSolution
		Debug|Any CPU = Debug|Any CPU
		Release|Any CPU = Release|Any CPU
	EndGlobalSection
	GlobalSection(ProjectConfigurationPlatforms) = postSolution
		{1914CD9C-5F6F-45A5-AB7A-D99C2DFBA101}.Debug|Any CPU.ActiveCfg = Debug|Any CPU
		{1914CD9C-5F6F-45A5-AB7A-D99C2DFBA101}.Debug|Any CPU.Build.0 = Debug|Any CPU
		{1914CD9C-5F6F-45A5-AB7A-D99C2DFBA101}.Release|Any CPU.ActiveCfg = Release|Any CPU
		{1914CD9C-5F6F-45A5-AB7A-D99C2DFBA101}.Release|Any CPU.Build.0 = Release|Any CPU
	EndGlobalSection
	GlobalSection(SolutionProperties) = preSolution
		HideSolutionNode = FALSE
	EndGlobalSection
	GlobalSection(ExtensibilityGlobals) = postSolution
		SolutionGuid = {03BE82E8-69E1-4494-9844-50724A164934}
	EndGlobalSection
EndGlobal
